
Microsoft Visual Studio Solution File, Format Version 12.00
# Visual Studio Version 16
VisualStudioVersion = 16.0.32413.511
MinimumVisualStudioVersion = 10.0.40219.1
Project("{FAE04EC0-301F-11D3-BF4B-00C04F79EFBC}") = "Concat list", "Concat list\Concat list.csproj", "{AAFCF799-1ABF-49EB-8344-772A098B3320}"
EndProject
Global
	GlobalSection(SolutionConfigurationPlatforms) = preSolution
		Debug|Any CPU = Debug|Any CPU
		Release|Any CPU = Release|Any CPU
	EndGlobalSection
	GlobalSection(ProjectConfigurationPlatforms) = postSolution
		{AAFCF799-1ABF-49EB-8344-772A098B3320}.Debug|Any CPU.ActiveCfg = Debug|Any CPU
		{AAFCF799-1ABF-49EB-8344-772A098B3320}.Debug|Any CPU.Build.0 = Debug|Any CPU
		{AAFCF799-1ABF-49EB-8344-772A098B3320}.Release|Any CPU.ActiveCfg = Release|Any CPU
		{AAFCF799-1ABF-49EB-8344-772A098B3320}.Release|Any CPU.Build.0 = Release|Any CPU
	EndGlobalSection
	GlobalSection(SolutionProperties) = preSolution
		HideSolutionNode = FALSE
	EndGlobalSection
	GlobalSection(ExtensibilityGlobals) = postSolution
		SolutionGuid = {301AE3E6-573F-47CE-9954-CD4FAC6C0378}
	EndGlobalSection
EndGlobal
